
Microsoft Visual Studio Solution File, Format Version 12.00
# Visual Studio Version 17
VisualStudioVersion = 17.1.32210.238
MinimumVisualStudioVersion = 10.0.40219.1
Project("{FAE04EC0-301F-11D3-BF4B-00C04F79EFBC}") = "E-commerceWeb", "E-commerceWeb.csproj", "{DFF643A2-643D-423E-B43A-A80B237D3125}"
EndProject
Global
	GlobalSection(SolutionConfigurationPlatforms) = preSolution
		Debug|Any CPU = Debug|Any CPU
		Release|Any CPU = Release|Any CPU
	EndGlobalSection
	GlobalSection(ProjectConfigurationPlatforms) = postSolution
		{DFF643A2-643D-423E-B43A-A80B237D3125}.Debug|Any CPU.ActiveCfg = Debug|Any CPU
		{DFF643A2-643D-423E-B43A-A80B237D3125}.Debug|Any CPU.Build.0 = Debug|Any CPU
		{DFF643A2-643D-423E-B43A-A80B237D3125}.Release|Any CPU.ActiveCfg = Release|Any CPU
		{DFF643A2-643D-423E-B43A-A80B237D3125}.Release|Any CPU.Build.0 = Release|Any CPU
	EndGlobalSection
	GlobalSection(SolutionProperties) = preSolution
		HideSolutionNode = FALSE
	EndGlobalSection
	GlobalSection(ExtensibilityGlobals) = postSolution
		SolutionGuid = {04DC5A75-0CDF-43EB-82FD-C237A4442ED2}
	EndGlobalSection
EndGlobal
